
Microsoft Visual Studio Solution File, Format Version 12.00
# Visual Studio Version 16
VisualStudioVersion = 16.0.29905.134
MinimumVisualStudioVersion = 10.0.40219.1
Project("{FAE04EC0-301F-11D3-BF4B-00C04F79EFBC}") = "CredentialsManager", "CredentialsManager\CredentialsManager.csproj", "{020C73D0-8E3D-4A29-BD77-0BE63883DDF1}"
EndProject
Project("{FAE04EC0-301F-11D3-BF4B-00C04F79EFBC}") = "CredentialsManager.WinForms", "CredentialsManager.WinForms\CredentialsManager.WinForms.csproj", "{68EDE301-2E9D-41B4-816B-7434F58DEA74}"
EndProject
Global
	GlobalSection(SolutionConfigurationPlatforms) = preSolution
		Debug|Any CPU = Debug|Any CPU
		Release|Any CPU = Release|Any CPU
	EndGlobalSection
	GlobalSection(ProjectConfigurationPlatforms) = postSolution
		{020C73D0-8E3D-4A29-BD77-0BE63883DDF1}.Debug|Any CPU.ActiveCfg = Debug|Any CPU
		{020C73D0-8E3D-4A29-BD77-0BE63883DDF1}.Debug|Any CPU.Build.0 = Debug|Any CPU
		{020C73D0-8E3D-4A29-BD77-0BE63883DDF1}.Release|Any CPU.ActiveCfg = Release|Any CPU
		{020C73D0-8E3D-4A29-BD77-0BE63883DDF1}.Release|Any CPU.Build.0 = Release|Any CPU
		{68EDE301-2E9D-41B4-816B-7434F58DEA74}.Debug|Any CPU.ActiveCfg = Debug|Any CPU
		{68EDE301-2E9D-41B4-816B-7434F58DEA74}.Debug|Any CPU.Build.0 = Debug|Any CPU
		{68EDE301-2E9D-41B4-816B-7434F58DEA74}.Release|Any CPU.ActiveCfg = Release|Any CPU
		{68EDE301-2E9D-41B4-816B-7434F58DEA74}.Release|Any CPU.Build.0 = Release|Any CPU
	EndGlobalSection
	GlobalSection(SolutionProperties) = preSolution
		HideSolutionNode = FALSE
	EndGlobalSection
	GlobalSection(ExtensibilityGlobals) = postSolution
		SolutionGuid = {08F0168F-0F61-4B1A-976F-4C0EA18C64B6}
	EndGlobalSection
EndGlobal
